
Microsoft Visual Studio Solution File, Format Version 12.00
# Visual Studio 15
VisualStudioVersion = 15.0.27130.2010
MinimumVisualStudioVersion = 10.0.40219.1
Project("{2150E333-8FDC-42A3-9474-1A3956D46DE8}") = "10_测试", "10_测试", "{AABB9EBC-F06E-47C4-BD68-C2A24A0DFA86}"
EndProject
Project("{2150E333-8FDC-42A3-9474-1A3956D46DE8}") = "01_数据结构", "01_数据结构", "{23939D4B-3BA7-46E5-AA62-735508F74640}"
EndProject
Project("{2150E333-8FDC-42A3-9474-1A3956D46DE8}") = "02_算法", "02_算法", "{C5A6CBC7-CD27-4F9D-AB02-8762D7228B1C}"
EndProject
Project("{2150E333-8FDC-42A3-9474-1A3956D46DE8}") = "03_设计模式", "03_设计模式", "{1E4DB2EB-52C9-4D70-8E64-B8A0FFC7DB12}"
EndProject
Project("{2150E333-8FDC-42A3-9474-1A3956D46DE8}") = "04_ORM", "04_ORM", "{BEBCDA26-3105-4C64-BC81-8E7E99167EC1}"
EndProject
Project("{2150E333-8FDC-42A3-9474-1A3956D46DE8}") = "00_公共库", "00_公共库", "{5B4D1BF2-70BB-4738-BBD1-3BE09D578BC7}"
EndProject
Project("{FAE04EC0-301F-11D3-BF4B-00C04F79EFBC}") = "CommonForUnitTest", "测试\CommonForUnitTest\CommonForUnitTest.csproj", "{9AF1A498-42C0-4B86-AEF5-14767925BD66}"
EndProject
Project("{2150E333-8FDC-42A3-9474-1A3956D46DE8}") = "05_语法", "05_语法", "{87E77F43-49C7-449E-9171-2B57A0E298D3}"
EndProject
Project("{FAE04EC0-301F-11D3-BF4B-00C04F79EFBC}") = "MyLearn.Lambda", "语法\MyLearn.Lambda\MyLearn.Lambda.csproj", "{1A549D95-D98F-47C1-BBA4-E5207CFFA619}"
EndProject
Project("{FAE04EC0-301F-11D3-BF4B-00C04F79EFBC}") = "MyLearn.遗传算法", "算法\MyLearn.遗传算法\MyLearn.遗传算法.csproj", "{5D41699B-13C4-46EC-9B90-637F43343BBE}"
EndProject
Project("{FAE04EC0-301F-11D3-BF4B-00C04F79EFBC}") = "Learn.Console.Test", "测试\Learn.Console.Test\Learn.Console.Test.csproj", "{0F57D5F9-35EA-4C58-88D1-C30026504DD6}"
EndProject
Project("{FAE04EC0-301F-11D3-BF4B-00C04F79EFBC}") = "MyLearn.Threads", "MyLearn.Threads\MyLearn.Threads.csproj", "{1278FFC7-0A89-4E92-A0A1-84E268FBD114}"
EndProject
Project("{2150E333-8FDC-42A3-9474-1A3956D46DE8}") = "模板方法", "模板方法", "{6EACBB85-BAD8-4747-911E-F0F10DB2ABFD}"
EndProject
Project("{FAE04EC0-301F-11D3-BF4B-00C04F79EFBC}") = "TemplateMethodPattern", "设计模式\TemplateMethodPattern\TemplateMethodPattern.csproj", "{AB534046-0565-4D52-B6F2-5C4DF3F2BD7F}"
EndProject
Project("{2150E333-8FDC-42A3-9474-1A3956D46DE8}") = "访问者", "访问者", "{F7767E33-16B4-47A4-A962-383A09150363}"
EndProject
Project("{FAE04EC0-301F-11D3-BF4B-00C04F79EFBC}") = "VisitorPattern", "设计模式\VisitorPattern\VisitorPattern.csproj", "{30A3C071-5E9A-4470-A405-407CEBEDF75A}"
EndProject
Project("{2150E333-8FDC-42A3-9474-1A3956D46DE8}") = "06.WPF", "06.WPF", "{12EB6AA2-2D58-4770-ADD4-BB6D22DD08D0}"
EndProject
Project("{FAE04EC0-301F-11D3-BF4B-00C04F79EFBC}") = "WpfMvvmLight", "WPF\WpfMvvmLight\WpfMvvmLight.csproj", "{56B44C4D-06F3-43E6-921B-1639EDFC3536}"
EndProject
Project("{2150E333-8FDC-42A3-9474-1A3956D46DE8}") = "07.网络", "07.网络", "{6B24108A-5BB1-4BEE-8AA7-F69514B41121}"
EndProject
Project("{2150E333-8FDC-42A3-9474-1A3956D46DE8}") = "事件总线", "事件总线", "{43F797D4-BC77-4A98-9A46-C0E39819F82F}"
EndProject
Project("{2150E333-8FDC-42A3-9474-1A3956D46DE8}") = "简单案例", "简单案例", "{324737D3-CF7F-4398-99E3-2710FE953B9E}"
EndProject
Project("{FAE04EC0-301F-11D3-BF4B-00C04F79EFBC}") = "EventDemo", "设计模式\EventDemo\EventDemo.csproj", "{CFFA4777-A3FD-4EDD-A670-159B6A4582C1}"
EndProject
Project("{FAE04EC0-301F-11D3-BF4B-00C04F79EFBC}") = "EventBus", "设计模式\EventBus\EventBus.csproj", "{2BFEE0C7-9453-498B-9818-F6C7C90017C6}"
EndProject
Global
	GlobalSection(SolutionConfigurationPlatforms) = preSolution
		Debug|Any CPU = Debug|Any CPU
		Release|Any CPU = Release|Any CPU
	EndGlobalSection
	GlobalSection(ProjectConfigurationPlatforms) = postSolution
		{9AF1A498-42C0-4B86-AEF5-14767925BD66}.Debug|Any CPU.ActiveCfg = Debug|Any CPU
		{9AF1A498-42C0-4B86-AEF5-14767925BD66}.Debug|Any CPU.Build.0 = Debug|Any CPU
		{9AF1A498-42C0-4B86-AEF5-14767925BD66}.Release|Any CPU.ActiveCfg = Release|Any CPU
		{9AF1A498-42C0-4B86-AEF5-14767925BD66}.Release|Any CPU.Build.0 = Release|Any CPU
		{1A549D95-D98F-47C1-BBA4-E5207CFFA619}.Debug|Any CPU.ActiveCfg = Debug|Any CPU
		{1A549D95-D98F-47C1-BBA4-E5207CFFA619}.Debug|Any CPU.Build.0 = Debug|Any CPU
		{1A549D95-D98F-47C1-BBA4-E5207CFFA619}.Release|Any CPU.ActiveCfg = Release|Any CPU
		{1A549D95-D98F-47C1-BBA4-E5207CFFA619}.Release|Any CPU.Build.0 = Release|Any CPU
		{5D41699B-13C4-46EC-9B90-637F43343BBE}.Debug|Any CPU.ActiveCfg = Debug|Any CPU
		{5D41699B-13C4-46EC-9B90-637F43343BBE}.Debug|Any CPU.Build.0 = Debug|Any CPU
		{5D41699B-13C4-46EC-9B90-637F43343BBE}.Release|Any CPU.ActiveCfg = Release|Any CPU
		{5D41699B-13C4-46EC-9B90-637F43343BBE}.Release|Any CPU.Build.0 = Release|Any CPU
		{0F57D5F9-35EA-4C58-88D1-C30026504DD6}.Debug|Any CPU.ActiveCfg = Debug|Any CPU
		{0F57D5F9-35EA-4C58-88D1-C30026504DD6}.Debug|Any CPU.Build.0 = Debug|Any CPU
		{0F57D5F9-35EA-4C58-88D1-C30026504DD6}.Release|Any CPU.ActiveCfg = Release|Any CPU
		{0F57D5F9-35EA-4C58-88D1-C30026504DD6}.Release|Any CPU.Build.0 = Release|Any CPU
		{1278FFC7-0A89-4E92-A0A1-84E268FBD114}.Debug|Any CPU.ActiveCfg = Debug|Any CPU
		{1278FFC7-0A89-4E92-A0A1-84E268FBD114}.Debug|Any CPU.Build.0 = Debug|Any CPU
		{1278FFC7-0A89-4E92-A0A1-84E268FBD114}.Release|Any CPU.ActiveCfg = Release|Any CPU
		{1278FFC7-0A89-4E92-A0A1-84E268FBD114}.Release|Any CPU.Build.0 = Release|Any CPU
		{AB534046-0565-4D52-B6F2-5C4DF3F2BD7F}.Debug|Any CPU.ActiveCfg = Debug|Any CPU
		{AB534046-0565-4D52-B6F2-5C4DF3F2BD7F}.Debug|Any CPU.Build.0 = Debug|Any CPU
		{AB534046-0565-4D52-B6F2-5C4DF3F2BD7F}.Release|Any CPU.ActiveCfg = Release|Any CPU
		{AB534046-0565-4D52-B6F2-5C4DF3F2BD7F}.Release|Any CPU.Build.0 = Release|Any CPU
		{30A3C071-5E9A-4470-A405-407CEBEDF75A}.Debug|Any CPU.ActiveCfg = Debug|Any CPU
		{30A3C071-5E9A-4470-A405-407CEBEDF75A}.Debug|Any CPU.Build.0 = Debug|Any CPU
		{30A3C071-5E9A-4470-A405-407CEBEDF75A}.Release|Any CPU.ActiveCfg = Release|Any CPU
		{30A3C071-5E9A-4470-A405-407CEBEDF75A}.Release|Any CPU.Build.0 = Release|Any CPU
		{56B44C4D-06F3-43E6-921B-1639EDFC3536}.Debug|Any CPU.ActiveCfg = Debug|Any CPU
		{56B44C4D-06F3-43E6-921B-1639EDFC3536}.Debug|Any CPU.Build.0 = Debug|Any CPU
		{56B44C4D-06F3-43E6-921B-1639EDFC3536}.Release|Any CPU.ActiveCfg = Release|Any CPU
		{56B44C4D-06F3-43E6-921B-1639EDFC3536}.Release|Any CPU.Build.0 = Release|Any CPU
		{CFFA4777-A3FD-4EDD-A670-159B6A4582C1}.Debug|Any CPU.ActiveCfg = Debug|Any CPU
		{CFFA4777-A3FD-4EDD-A670-159B6A4582C1}.Debug|Any CPU.Build.0 = Debug|Any CPU
		{CFFA4777-A3FD-4EDD-A670-159B6A4582C1}.Release|Any CPU.ActiveCfg = Release|Any CPU
		{CFFA4777-A3FD-4EDD-A670-159B6A4582C1}.Release|Any CPU.Build.0 = Release|Any CPU
		{2BFEE0C7-9453-498B-9818-F6C7C90017C6}.Debug|Any CPU.ActiveCfg = Debug|Any CPU
		{2BFEE0C7-9453-498B-9818-F6C7C90017C6}.Debug|Any CPU.Build.0 = Debug|Any CPU
		{2BFEE0C7-9453-498B-9818-F6C7C90017C6}.Release|Any CPU.ActiveCfg = Release|Any CPU
		{2BFEE0C7-9453-498B-9818-F6C7C90017C6}.Release|Any CPU.Build.0 = Release|Any CPU
	EndGlobalSection
	GlobalSection(SolutionProperties) = preSolution
		HideSolutionNode = FALSE
	EndGlobalSection
	GlobalSection(NestedProjects) = preSolution
		{9AF1A498-42C0-4B86-AEF5-14767925BD66} = {AABB9EBC-F06E-47C4-BD68-C2A24A0DFA86}
		{1A549D95-D98F-47C1-BBA4-E5207CFFA619} = {87E77F43-49C7-449E-9171-2B57A0E298D3}
		{5D41699B-13C4-46EC-9B90-637F43343BBE} = {C5A6CBC7-CD27-4F9D-AB02-8762D7228B1C}
		{0F57D5F9-35EA-4C58-88D1-C30026504DD6} = {AABB9EBC-F06E-47C4-BD68-C2A24A0DFA86}
		{1278FFC7-0A89-4E92-A0A1-84E268FBD114} = {87E77F43-49C7-449E-9171-2B57A0E298D3}
		{6EACBB85-BAD8-4747-911E-F0F10DB2ABFD} = {1E4DB2EB-52C9-4D70-8E64-B8A0FFC7DB12}
		{AB534046-0565-4D52-B6F2-5C4DF3F2BD7F} = {6EACBB85-BAD8-4747-911E-F0F10DB2ABFD}
		{F7767E33-16B4-47A4-A962-383A09150363} = {1E4DB2EB-52C9-4D70-8E64-B8A0FFC7DB12}
		{30A3C071-5E9A-4470-A405-407CEBEDF75A} = {F7767E33-16B4-47A4-A962-383A09150363}
		{56B44C4D-06F3-43E6-921B-1639EDFC3536} = {12EB6AA2-2D58-4770-ADD4-BB6D22DD08D0}
		{43F797D4-BC77-4A98-9A46-C0E39819F82F} = {1E4DB2EB-52C9-4D70-8E64-B8A0FFC7DB12}
		{324737D3-CF7F-4398-99E3-2710FE953B9E} = {43F797D4-BC77-4A98-9A46-C0E39819F82F}
		{CFFA4777-A3FD-4EDD-A670-159B6A4582C1} = {324737D3-CF7F-4398-99E3-2710FE953B9E}
		{2BFEE0C7-9453-498B-9818-F6C7C90017C6} = {324737D3-CF7F-4398-99E3-2710FE953B9E}
	EndGlobalSection
	GlobalSection(ExtensibilityGlobals) = postSolution
		SolutionGuid = {96F09AA5-2A72-4481-BA8F-DCD5030ED0E5}
	EndGlobalSection
EndGlobal
